// !$*UTF8*$!
{
	archiveVersion = 1;
	classes = {
	};
	objectVersion = 77;
	objects = {

/* Begin PBXBuildFile section */
		F9D10C7B30232D9F00CB85E8 /* FirebaseCore in Frameworks */ = {isa = PBXBuildFile; productRef = F9D10C7A30232D9F00CB85E8 /* FirebaseCore */; };
		F9D10C7D3023339C00CB85E8 /* GoogleService-Info.plist in Resources */ = {isa = PBXBuildFile; fileRef = F9D10C7C3023339C00CB85E8 /* GoogleService-Info.plist */; };
/* End PBXBuildFile section */

/* Begin PBXContainerItemProxy section */
		F9D10C4B302325A900CB85E8 /* PBXContainerItemProxy */ = {
			isa = PBXContainerItemProxy;
			containerPortal = F9D10C2C302325A800CB85E8 /* Project object */;
			proxyType = 1;
			remoteGlobalIDString = F9D10C33302325A800CB85E8;
			remoteInfo = CafeFinder;
		};
		F9D10C55302325A900CB85E8 /* PBXContainerItemProxy */ = {
			isa = PBXContainerItemProxy;
			containerPortal = F9D10C2C302325A800CB85E8 /* Project object */;
			proxyType = 1;
			remoteGlobalIDString = F9D10C33302325A800CB85E8;
			remoteInfo = CafeFinder;
		};
/* End PBXContainerItemProxy section */

/* Begin PBXFileReference section */
		F9D10C34302325A800CB85E8 /* CafeFinder.app */ = {isa = PBXFileReference; explicitFileType = wrapper.application; includeInIndex = 0; path = CafeFinder.app; sourceTree = BUILT_PRODUCTS_DIR; };
		F9D10C4A302325A900CB85E8 /* CafeFinderTests.xctest */ = {isa = PBXFileReference; explicitFileType = wrapper.cfbundle; includeInIndex = 0; path = CafeFinderTests.xctest; sourceTree = BUILT_PRODUCTS_DIR; };
		F9D10C54302325A900CB85E8 /* CafeFinderUITests.xctest */ = {isa = PBXFileReference; explicitFileType = wrapper.cfbundle; includeInIndex = 0; path = CafeFinderUITests.xctest; sourceTree = BUILT_PRODUCTS_DIR; };
		F9D10C7C3023339C00CB85E8 /* GoogleService-Info.plist */ = {isa = PBXFileReference; lastKnownFileType = text.plist.xml; path = "GoogleService-Info.plist"; sourceTree = "<group>"; };
/* End PBXFileReference section */

/* Begin PBXFileSystemSynchronizedBuildFileExceptionSet section */
		F9D10C5C302325A900CB85E8 /* Exceptions for "CafeFinder" folder in "CafeFinder" target */ = {
			isa = PBXFileSystemSynchronizedBuildFileExceptionSet;
			membershipExceptions = (
				Info.plist,
			);
			target = F9D10C33302325A800CB85E8 /* CafeFinder */;
		};
/* End PBXFileSystemSynchronizedBuildFileExceptionSet section */

/* Begin PBXFileSystemSynchronizedRootGroup section */
		F9D10C36302325A800CB85E8 /* CafeFinder */ = {
			isa = PBXFileSystemSynchronizedRootGroup;
			exceptions = (
				F9D10C5C302325A900CB85E8 /* Exceptions for "CafeFinder" folder in "CafeFinder" target */,
			);
			path = CafeFinder;
			sourceTree = "<group>";
		};
		F9D10C4D302325A900CB85E8 /* CafeFinderTests */ = {
			isa = PBXFileSystemSynchronizedRootGroup;
			path = CafeFinderTests;
			sourceTree = "<group>";
		};
		F9D10C57302325A900CB85E8 /* CafeFinderUITests */ = {
			isa = PBXFileSystemSynchronizedRootGroup;
			path = CafeFinderUITests;
			sourceTree = "<group>";
		};
/* End PBXFileSystemSynchronizedRootGroup section */

/* Begin PBXFrameworksBuildPhase section */
		F9D10C31302325A800CB85E8 /* Frameworks */ = {
			isa = PBXFrameworksBuildPhase;
			buildActionMask = 2147483647;
			files = (
				F9D10C7B30232D9F00CB85E8 /* FirebaseCore in Frameworks */,
			);
			runOnlyForDeploymentPostprocessing = 0;
		};
		F9D10C47302325A900CB85E8 /* Frameworks */ = {
			isa = PBXFrameworksBuildPhase;
			buildActionMask = 2147483647;
			files = (
			);
			runOnlyForDeploymentPostprocessing = 0;
		};
		F9D10C51302325A900CB85E8 /* Frameworks */ = {
			isa = PBXFrameworksBuildPhase;
			buildActionMask = 2147483647;
			files = (
			);
			runOnlyForDeploymentPostprocessing = 0;
		};
/* End PBXFrameworksBuildPhase section */

/* Begin PBXGroup section */
		F9D10C2B302325A800CB85E8 = {
			isa = PBXGroup;
			children = (
				F9D10C36302325A800CB85E8 /* CafeFinder */,
				F9D10C4D302325A900CB85E8 /* CafeFinderTests */,
				F9D10C57302325A900CB85E8 /* CafeFinderUITests */,
				F9D10C7930232D9F00CB85E8 /* Frameworks */,
				F9D10C35302325A800CB85E8 /* Products */,
				F9D10C7C3023339C00CB85E8 /* GoogleService-Info.plist */,
			);
			sourceTree = "<group>";
		};
		F9D10C35302325A800CB85E8 /* Products */ = {
			isa = PBXGroup;
			children = (
				F9D10C34302325A800CB85E8 /* CafeFinder.app */,
				F9D10C4A302325A900CB85E8 /* CafeFinderTests.xctest */,
				F9D10C54302325A900CB85E8 /* CafeFinderUITests.xctest */,
			);
			name = Products;
			sourceTree = "<group>";
		};
		F9D10C7930232D9F00CB85E8 /* Frameworks */ = {
			isa = PBXGroup;
			children = (
			);
			name = Frameworks;
			sourceTree = "<group>";
		};
/* End PBXGroup section */

/* Begin PBXNativeTarget section */
		F9D10C33302325A800CB85E8 /* CafeFinder */ = {
			isa = PBXNativeTarget;
			buildConfigurationList = F9D10C5D302325A900CB85E8 /* Build configuration list for PBXNativeTarget "CafeFinder" */;
			buildPhases = (
				F9D10C30302325A800CB85E8 /* Sources */,
				F9D10C31302325A800CB85E8 /* Frameworks */,
				F9D10C32302325A800CB85E8 /* Resources */,
			);
			buildRules = (
			);
			dependencies = (
			);
			fileSystemSynchronizedGroups = (
				F9D10C36302325A800CB85E8 /* CafeFinder */,
			);
			name = CafeFinder;
			packageProductDependencies = (
				F9D10C7A30232D9F00CB85E8 /* FirebaseCore */,
			);
			productName = CafeFinder;
			productReference = F9D10C34302325A800CB85E8 /* CafeFinder.app */;
			productType = "com.apple.product-type.application";
		};
		F9D10C49302325A900CB85E8 /* CafeFinderTests */ = {
			isa = PBXNativeTarget;
			buildConfigurationList = F9D10C62302325A900CB85E8 /* Build configuration list for PBXNativeTarget "CafeFinderTests" */;
			buildPhases = (
				F9D10C46302325A900CB85E8 /* Sources */,
				F9D10C47302325A900CB85E8 /* Frameworks */,
				F9D10C48302325A900CB85E8 /* Resources */,
			);
			buildRules = (
			);
			dependencies = (
				F9D10C4C302325A900CB85E8 /* PBXTargetDependency */,
			);
			fileSystemSynchronizedGroups = (
				F9D10C4D302325A900CB85E8 /* CafeFinderTests */,
			);
			name = CafeFinderTests;
			packageProductDependencies = (
			);
			productName = CafeFinderTests;
			productReference = F9D10C4A302325A900CB85E8 /* CafeFinderTests.xctest */;
			productType = "com.apple.product-type.bundle.unit-test";
		};
		F9D10C53302325A900CB85E8 /* CafeFinderUITests */ = {
			isa = PBXNativeTarget;
			buildConfigurationList = F9D10C65302325A900CB85E8 /* Build configuration list for PBXNativeTarget "CafeFinderUITests" */;
			buildPhases = (
				F9D10C50302325A900CB85E8 /* Sources */,
				F9D10C51302325A900CB85E8 /* Frameworks */,
				F9D10C52302325A900CB85E8 /* Resources */,
			);
			buildRules = (
			);
			dependencies = (
				F9D10C56302325A900CB85E8 /* PBXTargetDependency */,
			);
			fileSystemSynchronizedGroups = (
				F9D10C57302325A900CB85E8 /* CafeFinderUITests */,
			);
			name = CafeFinderUITests;
			packageProductDependencies = (
			);
			productName = CafeFinderUITests;
			productReference = F9D10C54302325A900CB85E8 /* CafeFinderUITests.xctest */;
			productType = "com.apple.product-type.bundle.ui-testing";
		};
/* End PBXNativeTarget section */

/* Begin PBXProject section */
		F9D10C2C302325A800CB85E8 /* Project object */ = {
			isa = PBXProject;
			attributes = {
				BuildIndependentTargetsInParallel = 1;
				LastSwiftUpdateCheck = 1620;
				LastUpgradeCheck = 1620;
				TargetAttributes = {
					F9D10C33302325A800CB85E8 = {
						CreatedOnToolsVersion = 16.2;
					};
					F9D10C49302325A900CB85E8 = {
						CreatedOnToolsVersion = 16.2;
						TestTargetID = F9D10C33302325A800CB85E8;
					};
					F9D10C53302325A900CB85E8 = {
						CreatedOnToolsVersion = 16.2;
						TestTargetID = F9D10C33302325A800CB85E8;
					};
				};
			};
			buildConfigurationList = F9D10C2F302325A800CB85E8 /* Build configuration list for PBXProject "CafeFinder" */;
			developmentRegion = en;
			hasScannedForEncodings = 0;
			knownRegions = (
				en,
				Base,
			);
			mainGroup = F9D10C2B302325A800CB85E8;
			minimizedProjectReferenceProxies = 1;
			packageReferences = (
				F9D10C7830232C2E00CB85E8 /* XCRemoteSwiftPackageReference "firebase-ios-sdk" */,
			);
			preferredProjectObjectVersion = 77;
			productRefGroup = F9D10C35302325A800CB85E8 /* Products */;
			projectDirPath = "";
			projectRoot = "";
			targets = (
				F9D10C33302325A800CB85E8 /* CafeFinder */,
				F9D10C49302325A900CB85E8 /* CafeFinderTests */,
				F9D10C53302325A900CB85E8 /* CafeFinderUITests */,
			);
		};
/* End PBXProject section */

/* Begin PBXResourcesBuildPhase section */
		F9D10C32302325A800CB85E8 /* Resources */ = {
			isa = PBXResourcesBuildPhase;
			buildActionMask = 2147483647;
			files = (
				F9D10C7D3023339C00CB85E8 /* GoogleService-Info.plist in Resources */,
			);
			runOnlyForDeploymentPostprocessing = 0;
		};
		F9D10C48302325A900CB85E8 /* Resources */ = {
			isa = PBXResourcesBuildPhase;
			buildActionMask = 2147483647;
			files = (
			);
			runOnlyForDeploymentPostprocessing = 0;
		};
		F9D10C52302325A900CB85E8 /* Resources */ = {
			isa = PBXResourcesBuildPhase;
			buildActionMask = 2147483647;
			files = (
			);
			runOnlyForDeploymentPostprocessing = 0;
		};
/* End PBXResourcesBuildPhase section */

/* Begin PBXSourcesBuildPhase section */
		F9D10C30302325A800CB85E8 /* Sources */ = {
			isa = PBXSourcesBuildPhase;
			buildActionMask = 2147483647;
			files = (
			);
			runOnlyForDeploymentPostprocessing = 0;
		};
		F9D10C46302325A900CB85E8 /* Sources */ = {
			isa = PBXSourcesBuildPhase;
			buildActionMask = 2147483647;
			files = (
			);
			runOnlyForDeploymentPostprocessing = 0;
		};
		F9D10C50302325A900CB85E8 /* Sources */ = {
			isa = PBXSourcesBuildPhase;
			buildActionMask = 2147483647;
			files = (
			);
			runOnlyForDeploymentPostprocessing = 0;
		};
/* End PBXSourcesBuildPhase section */

/* Begin PBXTargetDependency section */
		F9D10C4C302325A900CB85E8 /* PBXTargetDependency */ = {
			isa = PBXTargetDependency;
			target = F9D10C33302325A800CB85E8 /* CafeFinder */;
			targetProxy = F9D10C4B302325A900CB85E8 /* PBXContainerItemProxy */;
		};
		F9D10C56302325A900CB85E8 /* PBXTargetDependency */ = {
			isa = PBXTargetDependency;
			target = F9D10C33302325A800CB85E8 /* CafeFinder */;
			targetProxy = F9D10C55302325A900CB85E8 /* PBXContainerItemProxy */;
		};
/* End PBXTargetDependency section */

/* Begin XCBuildConfiguration section */
		F9D10C5E302325A900CB85E8 /* Debug */ = {
			isa = XCBuildConfiguration;
			buildSettings = {
				ASSETCATALOG_COMPILER_APPICON_NAME = AppIcon;
				ASSETCATALOG_COMPILER_GLOBAL_ACCENT_COLOR_NAME = AccentColor;
				CODE_SIGN_STYLE = Automatic;
				CURRENT_PROJECT_VERSION = 1;
				GENERATE_INFOPLIST_FILE = YES;
				INFOPLIST_FILE = CafeFinder/Info.plist;
				INFOPLIST_KEY_UIApplicationSupportsIndirectInputEvents = YES;
				INFOPLIST_KEY_UILaunchStoryboardName = LaunchScreen;
				INFOPLIST_KEY_UIMainStoryboardFile = Main;
				INFOPLIST_KEY_UISupportedInterfaceOrientations_iPad = "UIInterfaceOrientationPortrait UIInterfaceOrientationPortraitUpsideDown UIInterfaceOrientationLandscapeLeft UIInterfaceOrientationLandscapeRight";
				INFOPLIST_KEY_UISupportedInterfaceOrientations_iPhone = "UIInterfaceOrientationPortrait UIInterfaceOrientationLandscapeLeft UIInterfaceOrientationLandscapeRight";
				LD_RUNPATH_SEARCH_PATHS = (
					"$(inherited)",
					"@executable_path/Frameworks",
				);
				MARKETING_VERSION = 1.0;
				PRODUCT_BUNDLE_IDENTIFIER = com.mayshabat.CafeFinder;
				PRODUCT_NAME = "$(TARGET_NAME)";
				SWIFT_EMIT_LOC_STRINGS = YES;
				SWIFT_VERSION = 5.0;
				TARGETED_DEVICE_FAMILY = "1,2";
			};
			name = Debug;
		};
		F9D10C5F302325A900CB85E8 /* Release */ = {
			isa = XCBuildConfiguration;
			buildSettings = {
				ASSETCATALOG_COMPILER_APPICON_NAME = AppIcon;
				ASSETCATALOG_COMPILER_GLOBAL_ACCENT_COLOR_NAME = AccentColor;
				CODE_SIGN_STYLE = Automatic;
				CURRENT_PROJECT_VERSION = 1;
				GENERATE_INFOPLIST_FILE = YES;
				INFOPLIST_FILE = CafeFinder/Info.plist;
				INFOPLIST_KEY_UIApplicationSupportsIndirectInputEvents = YES;
				INFOPLIST_KEY_UILaunchStoryboardName = LaunchScreen;
				INFOPLIST_KEY_UIMainStoryboardFile = Main;
				INFOPLIST_KEY_UISupportedInterfaceOrientations_iPad = "UIInterfaceOrientationPortrait UIInterfaceOrientationPortraitUpsideDown UIInterfaceOrientationLandscapeLeft UIInterfaceOrientationLandscapeRight";
				INFOPLIST_KEY_UISupportedInterfaceOrientations_iPhone = "UIInterfaceOrientationPortrait UIInterfaceOrientationLandscapeLeft UIInterfaceOrientationLandscapeRight";
				LD_RUNPATH_SEARCH_PATHS = (
					"$(inherited)",
					"@executable_path/Frameworks",
				);
				MARKETING_VERSION = 1.0;
				PRODUCT_BUNDLE_IDENTIFIER = com.mayshabat.CafeFinder;
				PRODUCT_NAME = "$(TARGET_NAME)";
				SWIFT_EMIT_LOC_STRINGS = YES;
				SWIFT_VERSION = 5.0;
				TARGETED_DEVICE_FAMILY = "1,2";
			};
			name = Release;
		};
		F9D10C60302325A900CB85E8 /* Debug */ = {
			isa = XCBuildConfiguration;
			buildSettings = {
				ALWAYS_SEARCH_USER_PATHS = NO;
				ASSETCATALOG_COMPILER_GENERATE_SWIFT_ASSET_SYMBOL_EXTENSIONS = YES;
				CLANG_ANALYZER_NONNULL = YES;
				CLANG_ANALYZER_NUMBER_OBJECT_CONVERSION = YES_AGGRESSIVE;
				CLANG_CXX_LANGUAGE_STANDARD = "gnu++20";
				CLANG_ENABLE_MODULES = YES;
				CLANG_ENABLE_OBJC_ARC = YES;
				CLANG_ENABLE_OBJC_WEAK = YES;
				CLANG_WARN_BLOCK_CAPTURE_AUTORELEASING = YES;
				CLANG_WARN_BOOL_CONVERSION = YES;
				CLANG_WARN_COMMA = YES;
				CLANG_WARN_CONSTANT_CONVERSION = YES;
				CLANG_WARN_DEPRECATED_OBJC_IMPLEMENTATIONS = YES;
				CLANG_WARN_DIRECT_OBJC_ISA_USAGE = YES_ERROR;
				CLANG_WARN_DOCUMENTATION_COMMENTS = YES;
				CLANG_WARN_EMPTY_BODY = YES;
				CLANG_WARN_ENUM_CONVERSION = YES;
				CLANG_WARN_INFINITE_RECURSION = YES;
				CLANG_WARN_INT_CONVERSION = YES;
				CLANG_WARN_NON_LITERAL_NULL_CONVERSION = YES;
				CLANG_WARN_OBJC_IMPLICIT_RETAIN_SELF = YES;
				CLANG_WARN_OBJC_LITERAL_CONVERSION = YES;
				CLANG_WARN_OBJC_ROOT_CLASS = YES_ERROR;
				CLANG_WARN_QUOTED_INCLUDE_IN_FRAMEWORK_HEADER = YES;
				CLANG_WARN_RANGE_LOOP_ANALYSIS = YES;
				CLANG_WARN_STRICT_PROTOTYPES = YES;
				CLANG_WARN_SUSPICIOUS_MOVE = YES;
				CLANG_WARN_UNGUARDED_AVAILABILITY = YES_AGGRESSIVE;
				CLANG_WARN_UNREACHABLE_CODE = YES;
				CLANG_WARN__DUPLICATE_METHOD_MATCH = YES;
				COPY_PHASE_STRIP = NO;
				DEBUG_INFORMATION_FORMAT = dwarf;
				ENABLE_STRICT_OBJC_MSGSEND = YES;
				ENABLE_TESTABILITY = YES;
				ENABLE_USER_SCRIPT_SANDBOXING = YES;
				GCC_C_LANGUAGE_STANDARD = gnu17;
				GCC_DYNAMIC_NO_PIC = NO;
				GCC_NO_COMMON_BLOCKS = YES;
				GCC_OPTIMIZATION_LEVEL = 0;
				GCC_PREPROCESSOR_DEFINITIONS = (
					"DEBUG=1",
					"$(inherited)",
				);
				GCC_WARN_64_TO_32_BIT_CONVERSION = YES;
				GCC_WARN_ABOUT_RETURN_TYPE = YES_ERROR;
				GCC_WARN_UNDECLARED_SELECTOR = YES;
				GCC_WARN_UNINITIALIZED_AUTOS = YES_AGGRESSIVE;
				GCC_WARN_UNUSED_FUNCTION = YES;
				GCC_WARN_UNUSED_VARIABLE = YES;
				IPHONEOS_DEPLOYMENT_TARGET = 18.2;
				LOCALIZATION_PREFERS_STRING_CATALOGS = YES;
				MTL_ENABLE_DEBUG_INFO = INCLUDE_SOURCE;
				MTL_FAST_MATH = YES;
				ONLY_ACTIVE_ARCH = YES;
				SDKROOT = iphoneos;
				SWIFT_ACTIVE_COMPILATION_CONDITIONS = "DEBUG $(inherited)";
				SWIFT_OPTIMIZATION_LEVEL = "-Onone";
			};
			name = Debug;
		};
		F9D10C61302325A900CB85E8 /* Release */ = {
			isa = XCBuildConfiguration;
			buildSettings = {
				ALWAYS_SEARCH_USER_PATHS = NO;
				ASSETCATALOG_COMPILER_GENERATE_SWIFT_ASSET_SYMBOL_EXTENSIONS = YES;
				CLANG_ANALYZER_NONNULL = YES;
				CLANG_ANALYZER_NUMBER_OBJECT_CONVERSION = YES_AGGRESSIVE;
				CLANG_CXX_LANGUAGE_STANDARD = "gnu++20";
				CLANG_ENABLE_MODULES = YES;
				CLANG_ENABLE_OBJC_ARC = YES;
				CLANG_ENABLE_OBJC_WEAK = YES;
				CLANG_WARN_BLOCK_CAPTURE_AUTORELEASING = YES;
				CLANG_WARN_BOOL_CONVERSION = YES;
				CLANG_WARN_COMMA = YES;
				CLANG_WARN_CONSTANT_CONVERSION = YES;
				CLANG_WARN_DEPRECATED_OBJC_IMPLEMENTATIONS = YES;
				CLANG_WARN_DIRECT_OBJC_ISA_USAGE = YES_ERROR;
				CLANG_WARN_DOCUMENTATION_COMMENTS = YES;
				CLANG_WARN_EMPTY_BODY = YES;
				CLANG_WARN_ENUM_CONVERSION = YES;
				CLANG_WARN_INFINITE_RECURSION = YES;
				CLANG_WARN_INT_CONVERSION = YES;
				CLANG_WARN_NON_LITERAL_NULL_CONVERSION = YES;
				CLANG_WARN_OBJC_IMPLICIT_RETAIN_SELF = YES;
				CLANG_WARN_OBJC_LITERAL_CONVERSION = YES;
				CLANG_WARN_OBJC_ROOT_CLASS = YES_ERROR;
				CLANG_WARN_QUOTED_INCLUDE_IN_FRAMEWORK_HEADER = YES;
				CLANG_WARN_RANGE_LOOP_ANALYSIS = YES;
				CLANG_WARN_STRICT_PROTOTYPES = YES;
				CLANG_WARN_SUSPICIOUS_MOVE = YES;
				CLANG_WARN_UNGUARDED_AVAILABILITY = YES_AGGRESSIVE;
				CLANG_WARN_UNREACHABLE_CODE = YES;
				CLANG_WARN__DUPLICATE_METHOD_MATCH = YES;
				COPY_PHASE_STRIP = NO;
				DEBUG_INFORMATION_FORMAT = "dwarf-with-dsym";
				ENABLE_NS_ASSERTIONS = NO;
				ENABLE_STRICT_OBJC_MSGSEND = YES;
				ENABLE_USER_SCRIPT_SANDBOXING = YES;
				GCC_C_LANGUAGE_STANDARD = gnu17;
				GCC_NO_COMMON_BLOCKS = YES;
				GCC_WARN_64_TO_32_BIT_CONVERSION = YES;
				GCC_WARN_ABOUT_RETURN_TYPE = YES_ERROR;
				GCC_WARN_UNDECLARED_SELECTOR = YES;
				GCC_WARN_UNINITIALIZED_AUTOS = YES_AGGRESSIVE;
				GCC_WARN_UNUSED_FUNCTION = YES;
				GCC_WARN_UNUSED_VARIABLE = YES;
				IPHONEOS_DEPLOYMENT_TARGET = 18.2;
				LOCALIZATION_PREFERS_STRING_CATALOGS = YES;
				MTL_ENABLE_DEBUG_INFO = NO;
				MTL_FAST_MATH = YES;
				SDKROOT = iphoneos;
				SWIFT_COMPILATION_MODE = wholemodule;
				VALIDATE_PRODUCT = YES;
			};
			name = Release;
		};
		F9D10C63302325A900CB85E8 /* Debug */ = {
			isa = XCBuildConfiguration;
			buildSettings = {
				BUNDLE_LOADER = "$(TEST_HOST)";
				CODE_SIGN_STYLE = Automatic;
				CURRENT_PROJECT_VERSION = 1;
				GENERATE_INFOPLIST_FILE = YES;
				IPHONEOS_DEPLOYMENT_TARGET = 18.2;
				MARKETING_VERSION = 1.0;
				PRODUCT_BUNDLE_IDENTIFIER = com.mayshabat.CafeFinderTests;
				PRODUCT_NAME = "$(TARGET_NAME)";
				SWIFT_EMIT_LOC_STRINGS = NO;
				SWIFT_VERSION = 5.0;
				TARGETED_DEVICE_FAMILY = "1,2";
				TEST_HOST = "$(BUILT_PRODUCTS_DIR)/CafeFinder.app/$(BUNDLE_EXECUTABLE_FOLDER_PATH)/CafeFinder";
			};
			name = Debug;
		};
		F9D10C64302325A900CB85E8 /* Release */ = {
			isa = XCBuildConfiguration;
			buildSettings = {
				BUNDLE_LOADER = "$(TEST_HOST)";
				CODE_SIGN_STYLE = Automatic;
				CURRENT_PROJECT_VERSION = 1;
				GENERATE_INFOPLIST_FILE = YES;
				IPHONEOS_DEPLOYMENT_TARGET = 18.2;
				MARKETING_VERSION = 1.0;
				PRODUCT_BUNDLE_IDENTIFIER = com.mayshabat.CafeFinderTests;
				PRODUCT_NAME = "$(TARGET_NAME)";
				SWIFT_EMIT_LOC_STRINGS = NO;
				SWIFT_VERSION = 5.0;
				TARGETED_DEVICE_FAMILY = "1,2";
				TEST_HOST = "$(BUILT_PRODUCTS_DIR)/CafeFinder.app/$(BUNDLE_EXECUTABLE_FOLDER_PATH)/CafeFinder";
			};
			name = Release;
		};
		F9D10C66302325A900CB85E8 /* Debug */ = {
			isa = XCBuildConfiguration;
			buildSettings = {
				CODE_SIGN_STYLE = Automatic;
				CURRENT_PROJECT_VERSION = 1;
				GENERATE_INFOPLIST_FILE = YES;
				MARKETING_VERSION = 1.0;
				PRODUCT_BUNDLE_IDENTIFIER = com.mayshabat.CafeFinderUITests;
				PRODUCT_NAME = "$(TARGET_NAME)";
				SWIFT_EMIT_LOC_STRINGS = NO;
				SWIFT_VERSION = 5.0;
				TARGETED_DEVICE_FAMILY = "1,2";
				TEST_TARGET_NAME = CafeFinder;
			};
			name = Debug;
		};
		F9D10C67302325A900CB85E8 /* Release */ = {
			isa = XCBuildConfiguration;
			buildSettings = {
				CODE_SIGN_STYLE = Automatic;
				CURRENT_PROJECT_VERSION = 1;
				GENERATE_INFOPLIST_FILE = YES;
				MARKETING_VERSION = 1.0;
				PRODUCT_BUNDLE_IDENTIFIER = com.mayshabat.CafeFinderUITests;
				PRODUCT_NAME = "$(TARGET_NAME)";
				SWIFT_EMIT_LOC_STRINGS = NO;
				SWIFT_VERSION = 5.0;
				TARGETED_DEVICE_FAMILY = "1,2";
				TEST_TARGET_NAME = CafeFinder;
			};
			name = Release;
		};
/* End XCBuildConfiguration section */

/* Begin XCConfigurationList section */
		F9D10C2F302325A800CB85E8 /* Build configuration list for PBXProject "CafeFinder" */ = {
			isa = XCConfigurationList;
			buildConfigurations = (
				F9D10C60302325A900CB85E8 /* Debug */,
				F9D10C61302325A900CB85E8 /* Release */,
			);
			defaultConfigurationIsVisible = 0;
			defaultConfigurationName = Release;
		};
		F9D10C5D302325A900CB85E8 /* Build configuration list for PBXNativeTarget "CafeFinder" */ = {
			isa = XCConfigurationList;
			buildConfigurations = (
				F9D10C5E302325A900CB85E8 /* Debug */,
				F9D10C5F302325A900CB85E8 /* Release */,
			);
			defaultConfigurationIsVisible = 0;
			defaultConfigurationName = Release;
		};
		F9D10C62302325A900CB85E8 /* Build configuration list for PBXNativeTarget "CafeFinderTests" */ = {
			isa = XCConfigurationList;
			buildConfigurations = (
				F9D10C63302325A900CB85E8 /* Debug */,
				F9D10C64302325A900CB85E8 /* Release */,
			);
			defaultConfigurationIsVisible = 0;
			defaultConfigurationName = Release;
		};
		F9D10C65302325A900CB85E8 /* Build configuration list for PBXNativeTarget "CafeFinderUITests" */ = {
			isa = XCConfigurationList;
			buildConfigurations = (
				F9D10C66302325A900CB85E8 /* Debug */,
				F9D10C67302325A900CB85E8 /* Release */,
			);
			defaultConfigurationIsVisible = 0;
			defaultConfigurationName = Release;
		};
/* End XCConfigurationList section */

/* Begin XCRemoteSwiftPackageReference section */
		F9D10C7830232C2E00CB85E8 /* XCRemoteSwiftPackageReference "firebase-ios-sdk" */ = {
			isa = XCRemoteSwiftPackageReference;
			repositoryURL = "https://github.com/firebase/firebase-ios-sdk.git";
			requirement = {
				kind = exactVersion;
				version = 11.15.0;
			};
		};
/* End XCRemoteSwiftPackageReference section */

/* Begin XCSwiftPackageProductDependency section */
		F9D10C7A30232D9F00CB85E8 /* FirebaseCore */ = {
			isa = XCSwiftPackageProductDependency;
			package = F9D10C7830232C2E00CB85E8 /* XCRemoteSwiftPackageReference "firebase-ios-sdk" */;
			productName = FirebaseCore;
		};
/* End XCSwiftPackageProductDependency section */
	};
	rootObject = F9D10C2C302325A800CB85E8 /* Project object */;
}
